{
  "name": "node-swipl-server",
  "version": "1.0.0",
  "lockfileVersion": 3,
  "requires": true,
  "packages": {
    "": {
      "name": "node-swipl-server",
      "version": "1.0.0",
      "license": "MIT",
      "dependencies": {
        "swipl": "^1.0.6"
      }
    },
    "node_modules/nan": {
      "version": "2.17.0",
      "resolved": "https://registry.npmjs.org/nan/-/nan-2.17.0.tgz",
      "integrity": "sha512-2ZTgtl0nJsO0KQCjEpxcIr5D+Yv90plTitZt9JBfQvVJDS5seMl3FOvsh3+9CoYWXf/1l5OaZzzF6nDm4cagaQ=="
    },
    "node_modules/swipl": {
      "version": "1.0.6",
      "resolved": "https://registry.npmjs.org/swipl/-/swipl-1.0.6.tgz",
      "integrity": "sha512-+lAZ48e00bVv9DXBq5QPBuH5Mxj9Hys+mQ0vda05gX1MtjIzRQaPKSDmtyW/4cirtGC8QADWxvz92R/4oihmlg==",
      "hasInstallScript": true,
      "dependencies": {
        "nan": "^2.4.0"
      },
      "engines": {
        "node": ">= 7"
      }
    }
  }
}
